// !$*UTF8*$!
{
	archiveVersion = 1;
	classes = {
	};
	objectVersion = 46;
	objects = {

/* Begin PBXBuildFile section */
		DFF1066A1A73F7F000B06B56 /* main.m in Sources */ = {isa = PBXBuildFile; fileRef = DFF106691A73F7F000B06B56 /* main.m */; };
		DFF1066D1A73F7F000B06B56 /* AppDelegate.m in Sources */ = {isa = PBXBuildFile; fileRef = DFF1066C1A73F7F000B06B56 /* AppDelegate.m */; };
		DFF106701A73F7F000B06B56 /* FirstViewController.m in Sources */ = {isa = PBXBuildFile; fileRef = DFF1066F1A73F7F000B06B56 /* FirstViewController.m */; };
		DFF106731A73F7F000B06B56 /* SecondViewController.m in Sources */ = {isa = PBXBuildFile; fileRef = DFF106721A73F7F000B06B56 /* SecondViewController.m */; };
		DFF106761A73F7F000B06B56 /* Main.storyboard in Resources */ = {isa = PBXBuildFile; fileRef = DFF106741A73F7F000B06B56 /* Main.storyboard */; };
		DFF106781A73F7F000B06B56 /* Images.xcassets in Resources */ = {isa = PBXBuildFile; fileRef = DFF106771A73F7F000B06B56 /* Images.xcassets */; };
		DFF1067B1A73F7F000B06B56 /* LaunchScreen.xib in Resources */ = {isa = PBXBuildFile; fileRef = DFF106791A73F7F000B06B56 /* LaunchScreen.xib */; };
		DFF106871A73F7F000B06B56 /* BYRClientTests.m in Sources */ = {isa = PBXBuildFile; fileRef = DFF106861A73F7F000B06B56 /* BYRClientTests.m */; };
/* End PBXBuildFile section */

/* Begin PBXContainerItemProxy section */
		DFF106811A73F7F000B06B56 /* PBXContainerItemProxy */ = {
			isa = PBXContainerItemProxy;
			containerPortal = DFF1065C1A73F7F000B06B56 /* Project object */;
			proxyType = 1;
			remoteGlobalIDString = DFF106631A73F7F000B06B56;
			remoteInfo = BYRClient;
		};
/* End PBXContainerItemProxy section */

/* Begin PBXFileReference section */
		DFF106641A73F7F000B06B56 /* BYRClient.app */ = {isa = PBXFileReference; explicitFileType = wrapper.application; includeInIndex = 0; path = BYRClient.app; sourceTree = BUILT_PRODUCTS_DIR; };
		DFF106681A73F7F000B06B56 /* Info.plist */ = {isa = PBXFileReference; lastKnownFileType = text.plist.xml; path = Info.plist; sourceTree = "<group>"; };
		DFF106691A73F7F000B06B56 /* main.m */ = {isa = PBXFileReference; lastKnownFileType = sourcecode.c.objc; path = main.m; sourceTree = "<group>"; };
		DFF1066B1A73F7F000B06B56 /* AppDelegate.h */ = {isa = PBXFileReference; lastKnownFileType = sourcecode.c.h; path = AppDelegate.h; sourceTree = "<group>"; };
		DFF1066C1A73F7F000B06B56 /* AppDelegate.m */ = {isa = PBXFileReference; lastKnownFileType = sourcecode.c.objc; path = AppDelegate.m; sourceTree = "<group>"; };
		DFF1066E1A73F7F000B06B56 /* FirstViewController.h */ = {isa = PBXFileReference; lastKnownFileType = sourcecode.c.h; path = FirstViewController.h; sourceTree = "<group>"; };
		DFF1066F1A73F7F000B06B56 /* FirstViewController.m */ = {isa = PBXFileReference; lastKnownFileType = sourcecode.c.objc; path = FirstViewController.m; sourceTree = "<group>"; };
		DFF106711A73F7F000B06B56 /* SecondViewController.h */ = {isa = PBXFileReference; lastKnownFileType = sourcecode.c.h; path = SecondViewController.h; sourceTree = "<group>"; };
		DFF106721A73F7F000B06B56 /* SecondViewController.m */ = {isa = PBXFileReference; lastKnownFileType = sourcecode.c.objc; path = SecondViewController.m; sourceTree = "<group>"; };
		DFF106751A73F7F000B06B56 /* Base */ = {isa = PBXFileReference; lastKnownFileType = file.storyboard; name = Base; path = Base.lproj/Main.storyboard; sourceTree = "<group>"; };
		DFF106771A73F7F000B06B56 /* Images.xcassets */ = {isa = PBXFileReference; lastKnownFileType = folder.assetcatalog; path = Images.xcassets; sourceTree = "<group>"; };
		DFF1067A1A73F7F000B06B56 /* Base */ = {isa = PBXFileReference; lastKnownFileType = file.xib; name = Base; path = Base.lproj/LaunchScreen.xib; sourceTree = "<group>"; };
		DFF106801A73F7F000B06B56 /* BYRClientTests.xctest */ = {isa = PBXFileReference; explicitFileType = wrapper.cfbundle; includeInIndex = 0; path = BYRClientTests.xctest; sourceTree = BUILT_PRODUCTS_DIR; };
		DFF106851A73F7F000B06B56 /* Info.plist */ = {isa = PBXFileReference; lastKnownFileType = text.plist.xml; path = Info.plist; sourceTree = "<group>"; };
		DFF106861A73F7F000B06B56 /* BYRClientTests.m */ = {isa = PBXFileReference; lastKnownFileType = sourcecode.c.objc; path = BYRClientTests.m; sourceTree = "<group>"; };
/* End PBXFileReference section */

/* Begin PBXFrameworksBuildPhase section */
		DFF106611A73F7F000B06B56 /* Frameworks */ = {
			isa = PBXFrameworksBuildPhase;
			buildActionMask = 2147483647;
			files = (
			);
			runOnlyForDeploymentPostprocessing = 0;
		};
		DFF1067D1A73F7F000B06B56 /* Frameworks */ = {
			isa = PBXFrameworksBuildPhase;
			buildActionMask = 2147483647;
			files = (
			);
			runOnlyForDeploymentPostprocessing = 0;
		};
/* End PBXFrameworksBuildPhase section */

/* Begin PBXGroup section */
		DFF1065B1A73F7F000B06B56 = {
			isa = PBXGroup;
			children = (
				DFF106661A73F7F000B06B56 /* BYRClient */,
				DFF106831A73F7F000B06B56 /* BYRClientTests */,
				DFF106651A73F7F000B06B56 /* Products */,
			);
			sourceTree = "<group>";
		};
		DFF106651A73F7F000B06B56 /* Products */ = {
			isa = PBXGroup;
			children = (
				DFF106641A73F7F000B06B56 /* BYRClient.app */,
				DFF106801A73F7F000B06B56 /* BYRClientTests.xctest */,
			);
			name = Products;
			sourceTree = "<group>";
		};
		DFF106661A73F7F000B06B56 /* BYRClient */ = {
			isa = PBXGroup;
			children = (
				DFF1066B1A73F7F000B06B56 /* AppDelegate.h */,
				DFF1066C1A73F7F000B06B56 /* AppDelegate.m */,
				DFF1066E1A73F7F000B06B56 /* FirstViewController.h */,
				DFF1066F1A73F7F000B06B56 /* FirstViewController.m */,
				DFF106711A73F7F000B06B56 /* SecondViewController.h */,
				DFF106721A73F7F000B06B56 /* SecondViewController.m */,
				DFF106741A73F7F000B06B56 /* Main.storyboard */,
				DFF106771A73F7F000B06B56 /* Images.xcassets */,
				DFF106791A73F7F000B06B56 /* LaunchScreen.xib */,
				DFF106671A73F7F000B06B56 /* Supporting Files */,
			);
			path = BYRClient;
			sourceTree = "<group>";
		};
		DFF106671A73F7F000B06B56 /* Supporting Files */ = {
			isa = PBXGroup;
			children = (
				DFF106681A73F7F000B06B56 /* Info.plist */,
				DFF106691A73F7F000B06B56 /* main.m */,
			);
			name = "Supporting Files";
			sourceTree = "<group>";
		};
		DFF106831A73F7F000B06B56 /* BYRClientTests */ = {
			isa = PBXGroup;
			children = (
				DFF106861A73F7F000B06B56 /* BYRClientTests.m */,
				DFF106841A73F7F000B06B56 /* Supporting Files */,
			);
			path = BYRClientTests;
			sourceTree = "<group>";
		};
		DFF106841A73F7F000B06B56 /* Supporting Files */ = {
			isa = PBXGroup;
			children = (
				DFF106851A73F7F000B06B56 /* Info.plist */,
			);
			name = "Supporting Files";
			sourceTree = "<group>";
		};
/* End PBXGroup section */

/* Begin PBXNativeTarget section */
		DFF106631A73F7F000B06B56 /* BYRClient */ = {
			isa = PBXNativeTarget;
			buildConfigurationList = DFF1068A1A73F7F000B06B56 /* Build configuration list for PBXNativeTarget "BYRClient" */;
			buildPhases = (
				DFF106601A73F7F000B06B56 /* Sources */,
				DFF106611A73F7F000B06B56 /* Frameworks */,
				DFF106621A73F7F000B06B56 /* Resources */,
			);
			buildRules = (
			);
			dependencies = (
			);
			name = BYRClient;
			productName = BYRClient;
			productReference = DFF106641A73F7F000B06B56 /* BYRClient.app */;
			productType = "com.apple.product-type.application";
		};
		DFF1067F1A73F7F000B06B56 /* BYRClientTests */ = {
			isa = PBXNativeTarget;
			buildConfigurationList = DFF1068D1A73F7F000B06B56 /* Build configuration list for PBXNativeTarget "BYRClientTests" */;
			buildPhases = (
				DFF1067C1A73F7F000B06B56 /* Sources */,
				DFF1067D1A73F7F000B06B56 /* Frameworks */,
				DFF1067E1A73F7F000B06B56 /* Resources */,
			);
			buildRules = (
			);
			dependencies = (
				DFF106821A73F7F000B06B56 /* PBXTargetDependency */,
			);
			name = BYRClientTests;
			productName = BYRClientTests;
			productReference = DFF106801A73F7F000B06B56 /* BYRClientTests.xctest */;
			productType = "com.apple.product-type.bundle.unit-test";
		};
/* End PBXNativeTarget section */

/* Begin PBXProject section */
		DFF1065C1A73F7F000B06B56 /* Project object */ = {
			isa = PBXProject;
			attributes = {
				LastUpgradeCheck = 0610;
				ORGANIZATIONNAME = PanYibin;
				TargetAttributes = {
					DFF106631A73F7F000B06B56 = {
						CreatedOnToolsVersion = 6.1;
					};
					DFF1067F1A73F7F000B06B56 = {
						CreatedOnToolsVersion = 6.1;
						TestTargetID = DFF106631A73F7F000B06B56;
					};
				};
			};
			buildConfigurationList = DFF1065F1A73F7F000B06B56 /* Build configuration list for PBXProject "BYRClient" */;
			compatibilityVersion = "Xcode 3.2";
			developmentRegion = English;
			hasScannedForEncodings = 0;
			knownRegions = (
				en,
				Base,
			);
			mainGroup = DFF1065B1A73F7F000B06B56;
			productRefGroup = DFF106651A73F7F000B06B56 /* Products */;
			projectDirPath = "";
			projectRoot = "";
			targets = (
				DFF106631A73F7F000B06B56 /* BYRClient */,
				DFF1067F1A73F7F000B06B56 /* BYRClientTests */,
			);
		};
/* End PBXProject section */

/* Begin PBXResourcesBuildPhase section */
		DFF106621A73F7F000B06B56 /* Resources */ = {
			isa = PBXResourcesBuildPhase;
			buildActionMask = 2147483647;
			files = (
				DFF106761A73F7F000B06B56 /* Main.storyboard in Resources */,
				DFF1067B1A73F7F000B06B56 /* LaunchScreen.xib in Resources */,
				DFF106781A73F7F000B06B56 /* Images.xcassets in Resources */,
			);
			runOnlyForDeploymentPostprocessing = 0;
		};
		DFF1067E1A73F7F000B06B56 /* Resources */ = {
			isa = PBXResourcesBuildPhase;
			buildActionMask = 2147483647;
			files = (
			);
			runOnlyForDeploymentPostprocessing = 0;
		};
/* End PBXResourcesBuildPhase section */

/* Begin PBXSourcesBuildPhase section */
		DFF106601A73F7F000B06B56 /* Sources */ = {
			isa = PBXSourcesBuildPhase;
			buildActionMask = 2147483647;
			files = (
				DFF106731A73F7F000B06B56 /* SecondViewController.m in Sources */,
				DFF1066D1A73F7F000B06B56 /* AppDelegate.m in Sources */,
				DFF106701A73F7F000B06B56 /* FirstViewController.m in Sources */,
				DFF1066A1A73F7F000B06B56 /* main.m in Sources */,
			);
			runOnlyForDeploymentPostprocessing = 0;
		};
		DFF1067C1A73F7F000B06B56 /* Sources */ = {
			isa = PBXSourcesBuildPhase;
			buildActionMask = 2147483647;
			files = (
				DFF106871A73F7F000B06B56 /* BYRClientTests.m in Sources */,
			);
			runOnlyForDeploymentPostprocessing = 0;
		};
/* End PBXSourcesBuildPhase section */

/* Begin PBXTargetDependency section */
		DFF106821A73F7F000B06B56 /* PBXTargetDependency */ = {
			isa = PBXTargetDependency;
			target = DFF106631A73F7F000B06B56 /* BYRClient */;
			targetProxy = DFF106811A73F7F000B06B56 /* PBXContainerItemProxy */;
		};
/* End PBXTargetDependency section */

/* Begin PBXVariantGroup section */
		DFF106741A73F7F000B06B56 /* Main.storyboard */ = {
			isa = PBXVariantGroup;
			children = (
				DFF106751A73F7F000B06B56 /* Base */,
			);
			name = Main.storyboard;
			sourceTree = "<group>";
		};
		DFF106791A73F7F000B06B56 /* LaunchScreen.xib */ = {
			isa = PBXVariantGroup;
			children = (
				DFF1067A1A73F7F000B06B56 /* Base */,
			);
			name = LaunchScreen.xib;
			sourceTree = "<group>";
		};
/* End PBXVariantGroup section */

/* Begin XCBuildConfiguration section */
		DFF106881A73F7F000B06B56 /* Debug */ = {
			isa = XCBuildConfiguration;
			buildSettings = {
				ALWAYS_SEARCH_USER_PATHS = NO;
				CLANG_CXX_LANGUAGE_STANDARD = "gnu++0x";
				CLANG_CXX_LIBRARY = "libc++";
				CLANG_ENABLE_MODULES = YES;
				CLANG_ENABLE_OBJC_ARC = YES;
				CLANG_WARN_BOOL_CONVERSION = YES;
				CLANG_WARN_CONSTANT_CONVERSION = YES;
				CLANG_WARN_DIRECT_OBJC_ISA_USAGE = YES_ERROR;
				CLANG_WARN_EMPTY_BODY = YES;
				CLANG_WARN_ENUM_CONVERSION = YES;
				CLANG_WARN_INT_CONVERSION = YES;
				CLANG_WARN_OBJC_ROOT_CLASS = YES_ERROR;
				CLANG_WARN_UNREACHABLE_CODE = YES;
				CLANG_WARN__DUPLICATE_METHOD_MATCH = YES;
				"CODE_SIGN_IDENTITY[sdk=iphoneos*]" = "iPhone Developer";
				COPY_PHASE_STRIP = NO;
				ENABLE_STRICT_OBJC_MSGSEND = YES;
				GCC_C_LANGUAGE_STANDARD = gnu99;
				GCC_DYNAMIC_NO_PIC = NO;
				GCC_OPTIMIZATION_LEVEL = 0;
				GCC_PREPROCESSOR_DEFINITIONS = (
					"DEBUG=1",
					"$(inherited)",
				);
				GCC_SYMBOLS_PRIVATE_EXTERN = NO;
				GCC_WARN_64_TO_32_BIT_CONVERSION = YES;
				GCC_WARN_ABOUT_RETURN_TYPE = YES_ERROR;
				GCC_WARN_UNDECLARED_SELECTOR = YES;
				GCC_WARN_UNINITIALIZED_AUTOS = YES_AGGRESSIVE;
				GCC_WARN_UNUSED_FUNCTION = YES;
				GCC_WARN_UNUSED_VARIABLE = YES;
				IPHONEOS_DEPLOYMENT_TARGET = 8.1;
				MTL_ENABLE_DEBUG_INFO = YES;
				ONLY_ACTIVE_ARCH = YES;
				SDKROOT = iphoneos;
			};
			name = Debug;
		};
		DFF106891A73F7F000B06B56 /* Release */ = {
			isa = XCBuildConfiguration;
			buildSettings = {
				ALWAYS_SEARCH_USER_PATHS = NO;
				CLANG_CXX_LANGUAGE_STANDARD = "gnu++0x";
				CLANG_CXX_LIBRARY = "libc++";
				CLANG_ENABLE_MODULES = YES;
				CLANG_ENABLE_OBJC_ARC = YES;
				CLANG_WARN_BOOL_CONVERSION = YES;
				CLANG_WARN_CONSTANT_CONVERSION = YES;
				CLANG_WARN_DIRECT_OBJC_ISA_USAGE = YES_ERROR;
				CLANG_WARN_EMPTY_BODY = YES;
				CLANG_WARN_ENUM_CONVERSION = YES;
				CLANG_WARN_INT_CONVERSION = YES;
				CLANG_WARN_OBJC_ROOT_CLASS = YES_ERROR;
				CLANG_WARN_UNREACHABLE_CODE = YES;
				CLANG_WARN__DUPLICATE_METHOD_MATCH = YES;
				"CODE_SIGN_IDENTITY[sdk=iphoneos*]" = "iPhone Developer";
				COPY_PHASE_STRIP = YES;
				ENABLE_NS_ASSERTIONS = NO;
				ENABLE_STRICT_OBJC_MSGSEND = YES;
				GCC_C_LANGUAGE_STANDARD = gnu99;
				GCC_WARN_64_TO_32_BIT_CONVERSION = YES;
				GCC_WARN_ABOUT_RETURN_TYPE = YES_ERROR;
				GCC_WARN_UNDECLARED_SELECTOR = YES;
				GCC_WARN_UNINITIALIZED_AUTOS = YES_AGGRESSIVE;
				GCC_WARN_UNUSED_FUNCTION = YES;
				GCC_WARN_UNUSED_VARIABLE = YES;
				IPHONEOS_DEPLOYMENT_TARGET = 8.1;
				MTL_ENABLE_DEBUG_INFO = NO;
				SDKROOT = iphoneos;
				VALIDATE_PRODUCT = YES;
			};
			name = Release;
		};
		DFF1068B1A73F7F000B06B56 /* Debug */ = {
			isa = XCBuildConfiguration;
			buildSettings = {
				ASSETCATALOG_COMPILER_APPICON_NAME = AppIcon;
				INFOPLIST_FILE = BYRClient/Info.plist;
				LD_RUNPATH_SEARCH_PATHS = "$(inherited) @executable_path/Frameworks";
				PRODUCT_NAME = "$(TARGET_NAME)";
			};
			name = Debug;
		};
		DFF1068C1A73F7F000B06B56 /* Release */ = {
			isa = XCBuildConfiguration;
			buildSettings = {
				ASSETCATALOG_COMPILER_APPICON_NAME = AppIcon;
				INFOPLIST_FILE = BYRClient/Info.plist;
				LD_RUNPATH_SEARCH_PATHS = "$(inherited) @executable_path/Frameworks";
				PRODUCT_NAME = "$(TARGET_NAME)";
			};
			name = Release;
		};
		DFF1068E1A73F7F000B06B56 /* Debug */ = {
			isa = XCBuildConfiguration;
			buildSettings = {
				BUNDLE_LOADER = "$(TEST_HOST)";
				FRAMEWORK_SEARCH_PATHS = (
					"$(SDKROOT)/Developer/Library/Frameworks",
					"$(inherited)",
				);
				GCC_PREPROCESSOR_DEFINITIONS = (
					"DEBUG=1",
					"$(inherited)",
				);
				INFOPLIST_FILE = BYRClientTests/Info.plist;
				LD_RUNPATH_SEARCH_PATHS = "$(inherited) @executable_path/Frameworks @loader_path/Frameworks";
				PRODUCT_NAME = "$(TARGET_NAME)";
				TEST_HOST = "$(BUILT_PRODUCTS_DIR)/BYRClient.app/BYRClient";
			};
			name = Debug;
		};
		DFF1068F1A73F7F000B06B56 /* Release */ = {
			isa = XCBuildConfiguration;
			buildSettings = {
				BUNDLE_LOADER = "$(TEST_HOST)";
				FRAMEWORK_SEARCH_PATHS = (
					"$(SDKROOT)/Developer/Library/Frameworks",
					"$(inherited)",
				);
				INFOPLIST_FILE = BYRClientTests/Info.plist;
				LD_RUNPATH_SEARCH_PATHS = "$(inherited) @executable_path/Frameworks @loader_path/Frameworks";
				PRODUCT_NAME = "$(TARGET_NAME)";
				TEST_HOST = "$(BUILT_PRODUCTS_DIR)/BYRClient.app/BYRClient";
			};
			name = Release;
		};
/* End XCBuildConfiguration section */

/* Begin XCConfigurationList section */
		DFF1065F1A73F7F000B06B56 /* Build configuration list for PBXProject "BYRClient" */ = {
			isa = XCConfigurationList;
			buildConfigurations = (
				DFF106881A73F7F000B06B56 /* Debug */,
				DFF106891A73F7F000B06B56 /* Release */,
			);
			defaultConfigurationIsVisible = 0;
			defaultConfigurationName = Release;
		};
		DFF1068A1A73F7F000B06B56 /* Build configuration list for PBXNativeTarget "BYRClient" */ = {
			isa = XCConfigurationList;
			buildConfigurations = (
				DFF1068B1A73F7F000B06B56 /* Debug */,
				DFF1068C1A73F7F000B06B56 /* Release */,
			);
			defaultConfigurationIsVisible = 0;
		};
		DFF1068D1A73F7F000B06B56 /* Build configuration list for PBXNativeTarget "BYRClientTests" */ = {
			isa = XCConfigurationList;
			buildConfigurations = (
				DFF1068E1A73F7F000B06B56 /* Debug */,
				DFF1068F1A73F7F000B06B56 /* Release */,
			);
			defaultConfigurationIsVisible = 0;
		};
/* End XCConfigurationList section */
	};
	rootObject = DFF1065C1A73F7F000B06B56 /* Project object */;
}
